
Microsoft Visual Studio Solution File, Format Version 12.00
Project("{FAE04EC0-301F-11D3-BF4B-00C04F79EFBC}") = "ActuatorController", "ActuatorController\ActuatorController.csproj", "{3CD4CEAA-38A5-4DC5-9271-3B221716B518}"
EndProject
Global
	GlobalSection(SolutionConfigurationPlatforms) = preSolution
		Debug|Any CPU = Debug|Any CPU
		Release|Any CPU = Release|Any CPU
	EndGlobalSection
	GlobalSection(ProjectConfigurationPlatforms) = postSolution
		{3CD4CEAA-38A5-4DC5-9271-3B221716B518}.Debug|Any CPU.ActiveCfg = Debug|Any CPU
		{3CD4CEAA-38A5-4DC5-9271-3B221716B518}.Debug|Any CPU.Build.0 = Debug|Any CPU
		{3CD4CEAA-38A5-4DC5-9271-3B221716B518}.Release|Any CPU.ActiveCfg = Release|Any CPU
		{3CD4CEAA-38A5-4DC5-9271-3B221716B518}.Release|Any CPU.Build.0 = Release|Any CPU
	EndGlobalSection
EndGlobal
